PODS:
  - pop (1.0.7)
  - TRVideoCapture (0.0.1):
    - pop (~> 1.0)

DEPENDENCIES:
  - TRVideoCapture (from `../`)

EXTERNAL SOURCES:
  TRVideoCapture:
    :path: ../

SPEC CHECKSUMS:
  pop: 628ffc631644601567ee8bfaaaea493ebd7d0923
  TRVideoCapture: 8d68ff3ad578308ea7962de28ed6861ae0db7c76

COCOAPODS: 0.38.2
